
Microsoft Visual Studio Solution File, Format Version 11.00
# Visual Studio 2010
Project("{8BC9CEB8-8B4A-11D0-8D11-00A0C91BC942}") = "KinectCommonBridge", "KinectCommonBridge\KinectCommonBridge.vcxproj", "{1BA0EEF9-FB6A-4EF3-9874-75290E6AC20B}"
EndProject
Project("{8BC9CEB8-8B4A-11D0-8D11-00A0C91BC942}") = "AudioBasics-D2D", "examples\AudioBasics-KCB\AudioBasics-D2D.vcxproj", "{4858DB2C-1C08-44E1-A345-0E3C1E7D27D5}"
EndProject
Project("{8BC9CEB8-8B4A-11D0-8D11-00A0C91BC942}") = "SpeechBasics-D2D", "examples\SpeechBasics-KCB\SpeechBasics-D2D.vcxproj", "{FD987C43-D9B9-4007-8971-718746D95584}"
EndProject
Project("{8BC9CEB8-8B4A-11D0-8D11-00A0C91BC942}") = "SingleFace-KCB", "examples\FaceTracking-KCB\SingleFace.vcxproj", "{239D4E94-391E-49AE-AD95-AA2B732754DF}"
EndProject
Project("{8BC9CEB8-8B4A-11D0-8D11-00A0C91BC942}") = "Tutorial-KCB", "examples\Tutorial-KCB\Tutorial-KCB.vcxproj", "{4F8CE6DE-D230-4280-8663-97786596EF89}"
EndProject
Project("{8BC9CEB8-8B4A-11D0-8D11-00A0C91BC942}") = "FTTutorial-KCB", "examples\FTTutorial-KCB\FTTutorial-KCB.vcxproj", "{57FBAE1F-07AA-4CD0-ADCB-60FD3671D484}"
EndProject
Global
	GlobalSection(SolutionConfigurationPlatforms) = preSolution
		Debug|Win32 = Debug|Win32
		Debug|x64 = Debug|x64
		Release|Win32 = Release|Win32
		Release|x64 = Release|x64
	EndGlobalSection
	GlobalSection(ProjectConfigurationPlatforms) = postSolution
		{1BA0EEF9-FB6A-4EF3-9874-75290E6AC20B}.Debug|Win32.ActiveCfg = Debug|Win32
		{1BA0EEF9-FB6A-4EF3-9874-75290E6AC20B}.Debug|Win32.Build.0 = Debug|Win32
		{1BA0EEF9-FB6A-4EF3-9874-75290E6AC20B}.Debug|x64.ActiveCfg = Debug|x64
		{1BA0EEF9-FB6A-4EF3-9874-75290E6AC20B}.Debug|x64.Build.0 = Debug|x64
		{1BA0EEF9-FB6A-4EF3-9874-75290E6AC20B}.Release|Win32.ActiveCfg = Release|Win32
		{1BA0EEF9-FB6A-4EF3-9874-75290E6AC20B}.Release|Win32.Build.0 = Release|Win32
		{1BA0EEF9-FB6A-4EF3-9874-75290E6AC20B}.Release|x64.ActiveCfg = Release|x64
		{1BA0EEF9-FB6A-4EF3-9874-75290E6AC20B}.Release|x64.Build.0 = Release|x64
		{4858DB2C-1C08-44E1-A345-0E3C1E7D27D5}.Debug|Win32.ActiveCfg = Debug|Win32
		{4858DB2C-1C08-44E1-A345-0E3C1E7D27D5}.Debug|Win32.Build.0 = Debug|Win32
		{4858DB2C-1C08-44E1-A345-0E3C1E7D27D5}.Debug|x64.ActiveCfg = Debug|x64
		{4858DB2C-1C08-44E1-A345-0E3C1E7D27D5}.Debug|x64.Build.0 = Debug|x64
		{4858DB2C-1C08-44E1-A345-0E3C1E7D27D5}.Release|Win32.ActiveCfg = Release|Win32
		{4858DB2C-1C08-44E1-A345-0E3C1E7D27D5}.Release|Win32.Build.0 = Release|Win32
		{4858DB2C-1C08-44E1-A345-0E3C1E7D27D5}.Release|x64.ActiveCfg = Release|x64
		{4858DB2C-1C08-44E1-A345-0E3C1E7D27D5}.Release|x64.Build.0 = Release|x64
		{FD987C43-D9B9-4007-8971-718746D95584}.Debug|Win32.ActiveCfg = Debug|Win32
		{FD987C43-D9B9-4007-8971-718746D95584}.Debug|Win32.Build.0 = Debug|Win32
		{FD987C43-D9B9-4007-8971-718746D95584}.Debug|x64.ActiveCfg = Debug|x64
		{FD987C43-D9B9-4007-8971-718746D95584}.Debug|x64.Build.0 = Debug|x64
		{FD987C43-D9B9-4007-8971-718746D95584}.Release|Win32.ActiveCfg = Release|Win32
		{FD987C43-D9B9-4007-8971-718746D95584}.Release|Win32.Build.0 = Release|Win32
		{FD987C43-D9B9-4007-8971-718746D95584}.Release|x64.ActiveCfg = Release|x64
		{FD987C43-D9B9-4007-8971-718746D95584}.Release|x64.Build.0 = Release|x64
		{239D4E94-391E-49AE-AD95-AA2B732754DF}.Debug|Win32.ActiveCfg = Debug|Win32
		{239D4E94-391E-49AE-AD95-AA2B732754DF}.Debug|Win32.Build.0 = Debug|Win32
		{239D4E94-391E-49AE-AD95-AA2B732754DF}.Debug|x64.ActiveCfg = Debug|x64
		{239D4E94-391E-49AE-AD95-AA2B732754DF}.Debug|x64.Build.0 = Debug|x64
		{239D4E94-391E-49AE-AD95-AA2B732754DF}.Release|Win32.ActiveCfg = Release|Win32
		{239D4E94-391E-49AE-AD95-AA2B732754DF}.Release|Win32.Build.0 = Release|Win32
		{239D4E94-391E-49AE-AD95-AA2B732754DF}.Release|x64.ActiveCfg = Release|x64
		{239D4E94-391E-49AE-AD95-AA2B732754DF}.Release|x64.Build.0 = Release|x64
		{4F8CE6DE-D230-4280-8663-97786596EF89}.Debug|Win32.ActiveCfg = Debug|Win32
		{4F8CE6DE-D230-4280-8663-97786596EF89}.Debug|Win32.Build.0 = Debug|Win32
		{4F8CE6DE-D230-4280-8663-97786596EF89}.Debug|x64.ActiveCfg = Debug|x64
		{4F8CE6DE-D230-4280-8663-97786596EF89}.Debug|x64.Build.0 = Debug|x64
		{4F8CE6DE-D230-4280-8663-97786596EF89}.Release|Win32.ActiveCfg = Release|Win32
		{4F8CE6DE-D230-4280-8663-97786596EF89}.Release|Win32.Build.0 = Release|Win32
		{4F8CE6DE-D230-4280-8663-97786596EF89}.Release|x64.ActiveCfg = Release|x64
		{4F8CE6DE-D230-4280-8663-97786596EF89}.Release|x64.Build.0 = Release|x64
		{57FBAE1F-07AA-4CD0-ADCB-60FD3671D484}.Debug|Win32.ActiveCfg = Debug|Win32
		{57FBAE1F-07AA-4CD0-ADCB-60FD3671D484}.Debug|Win32.Build.0 = Debug|Win32
		{57FBAE1F-07AA-4CD0-ADCB-60FD3671D484}.Debug|x64.ActiveCfg = Debug|x64
		{57FBAE1F-07AA-4CD0-ADCB-60FD3671D484}.Debug|x64.Build.0 = Debug|x64
		{57FBAE1F-07AA-4CD0-ADCB-60FD3671D484}.Release|Win32.ActiveCfg = Release|Win32
		{57FBAE1F-07AA-4CD0-ADCB-60FD3671D484}.Release|Win32.Build.0 = Release|Win32
		{57FBAE1F-07AA-4CD0-ADCB-60FD3671D484}.Release|x64.ActiveCfg = Release|x64
		{57FBAE1F-07AA-4CD0-ADCB-60FD3671D484}.Release|x64.Build.0 = Release|x64
	EndGlobalSection
	GlobalSection(SolutionProperties) = preSolution
		HideSolutionNode = FALSE
	EndGlobalSection
EndGlobal
