<?xml version="1.0" encoding="utf-8"?>
<Project ToolsVersion="4.0" xmlns="http://schemas.microsoft.com/developer/msbuild/2003">
  <ItemGroup>
    <ClCompile Include="DataStream.cpp">
      <Filter>Source</Filter>
    </ClCompile>
    <ClCompile Include="stdafx.cpp">
      <Filter>Source</Filter>
    </ClCompile>
    <ClCompile Include="DataStreamColor.cpp">
      <Filter>Source</Filter>
    </ClCompile>
    <ClCompile Include="DataStreamDepth.cpp">
      <Filter>Source</Filter>
    </ClCompile>
    <ClCompile Include="DataStreamSkeleton.cpp">
      <Filter>Source</Filter>
    </ClCompile>
    <ClCompile Include="dllmain.cpp">
      <Filter>Source</Filter>
    </ClCompile>
    <ClCompile Include="KinectCommonBridgeLib.cpp">
      <Filter>Source</Filter>
    </ClCompile>
    <ClCompile Include="KinectSensor.cpp">
      <Filter>Source</Filter>
    </ClCompile>
    <ClCompile Include="SensorManager.cpp">
      <Filter>Source</Filter>
    </ClCompile>
  </ItemGroup>
  <ItemGroup>
    <ClInclude Include="AutoLock.h">
      <Filter>Headers</Filter>
    </ClInclude>
    <ClInclude Include="CriticalSection.h">
      <Filter>Headers</Filter>
    </ClInclude>
    <ClInclude Include="DataStream.h">
      <Filter>Headers</Filter>
    </ClInclude>
    <ClInclude Include="DataStreamColor.h">
      <Filter>Headers</Filter>
    </ClInclude>
    <ClInclude Include="DataStreamDepth.h">
      <Filter>Headers</Filter>
    </ClInclude>
    <ClInclude Include="DataStreamSkeleton.h">
      <Filter>Headers</Filter>
    </ClInclude>
    <ClInclude Include="KinectCommonBridgeLib.h">
      <Filter>Headers</Filter>
    </ClInclude>
    <ClInclude Include="KinectSensor.h">
      <Filter>Headers</Filter>
    </ClInclude>
    <ClInclude Include="SensorManager.h">
      <Filter>Headers</Filter>
    </ClInclude>
    <ClInclude Include="stdafx.h">
      <Filter>Headers</Filter>
    </ClInclude>
    <ClInclude Include="targetver.h">
      <Filter>Headers</Filter>
    </ClInclude>
  </ItemGroup>
  <ItemGroup>
    <Filter Include="Headers">
      <UniqueIdentifier>{e82d4290-2110-4d9a-b00a-62940a42860e}</UniqueIdentifier>
    </Filter>
    <Filter Include="Source">
      <UniqueIdentifier>{039334f0-d850-4358-a6e5-75cb0df88cea}</UniqueIdentifier>
    </Filter>
  </ItemGroup>
</Project>